
Microsoft Visual Studio Solution File, Format Version 12.00
# Visual Studio Version 17
VisualStudioVersion = 17.7.34221.43
MinimumVisualStudioVersion = 10.0.40219.1
Project("{FAE04EC0-301F-11D3-BF4B-00C04F79EFBC}") = "Question2", "Question2\Question2.csproj", "{7C14232F-79A3-4FA1-AE14-C044C9CABB8A}"
EndProject
Global
	GlobalSection(SolutionConfigurationPlatforms) = preSolution
		Debug|Any CPU = Debug|Any CPU
		Release|Any CPU = Release|Any CPU
	EndGlobalSection
	GlobalSection(ProjectConfigurationPlatforms) = postSolution
		{7C14232F-79A3-4FA1-AE14-C044C9CABB8A}.Debug|Any CPU.ActiveCfg = Debug|Any CPU
		{7C14232F-79A3-4FA1-AE14-C044C9CABB8A}.Debug|Any CPU.Build.0 = Debug|Any CPU
		{7C14232F-79A3-4FA1-AE14-C044C9CABB8A}.Release|Any CPU.ActiveCfg = Release|Any CPU
		{7C14232F-79A3-4FA1-AE14-C044C9CABB8A}.Release|Any CPU.Build.0 = Release|Any CPU
	EndGlobalSection
	GlobalSection(SolutionProperties) = preSolution
		HideSolutionNode = FALSE
	EndGlobalSection
	GlobalSection(ExtensibilityGlobals) = postSolution
		SolutionGuid = {90EA13D5-2F69-49F9-ADC8-3F2379C52B25}
	EndGlobalSection
EndGlobal
